
Microsoft Visual Studio Solution File, Format Version 12.00
# Visual Studio 15
VisualStudioVersion = 15.0.27703.2042
MinimumVisualStudioVersion = 10.0.40219.1
Project("{FAE04EC0-301F-11D3-BF4B-00C04F79EFBC}") = "ShopApplication", "ShopApplication\ShopApplication.csproj", "{4742316E-6220-4712-B0CC-91DC93F97E74}"
EndProject
Global
	GlobalSection(SolutionConfigurationPlatforms) = preSolution
		Debug|Any CPU = Debug|Any CPU
		Release|Any CPU = Release|Any CPU
	EndGlobalSection
	GlobalSection(ProjectConfigurationPlatforms) = postSolution
		{4742316E-6220-4712-B0CC-91DC93F97E74}.Debug|Any CPU.ActiveCfg = Debug|Any CPU
		{4742316E-6220-4712-B0CC-91DC93F97E74}.Debug|Any CPU.Build.0 = Debug|Any CPU
		{4742316E-6220-4712-B0CC-91DC93F97E74}.Release|Any CPU.ActiveCfg = Release|Any CPU
		{4742316E-6220-4712-B0CC-91DC93F97E74}.Release|Any CPU.Build.0 = Release|Any CPU
	EndGlobalSection
	GlobalSection(SolutionProperties) = preSolution
		HideSolutionNode = FALSE
	EndGlobalSection
	GlobalSection(ExtensibilityGlobals) = postSolution
		SolutionGuid = {AA596EE8-3C32-4B56-BB86-BE7C1B96587A}
	EndGlobalSection
EndGlobal
